
Microsoft Visual Studio Solution File, Format Version 12.00
# Visual Studio Version 17
VisualStudioVersion = 17.5.33502.453
MinimumVisualStudioVersion = 10.0.40219.1
Project("{FAE04EC0-301F-11D3-BF4B-00C04F79EFBC}") = "MapsReceiverApi", "MapsReceiverApi.csproj", "{02F32A69-C9D6-473E-B971-D0458331997A}"
EndProject
Global
	GlobalSection(SolutionConfigurationPlatforms) = preSolution
		Debug|Any CPU = Debug|Any CPU
		Release|Any CPU = Release|Any CPU
	EndGlobalSection
	GlobalSection(ProjectConfigurationPlatforms) = postSolution
		{02F32A69-C9D6-473E-B971-D0458331997A}.Debug|Any CPU.ActiveCfg = Debug|Any CPU
		{02F32A69-C9D6-473E-B971-D0458331997A}.Debug|Any CPU.Build.0 = Debug|Any CPU
		{02F32A69-C9D6-473E-B971-D0458331997A}.Release|Any CPU.ActiveCfg = Release|Any CPU
		{02F32A69-C9D6-473E-B971-D0458331997A}.Release|Any CPU.Build.0 = Release|Any CPU
	EndGlobalSection
	GlobalSection(SolutionProperties) = preSolution
		HideSolutionNode = FALSE
	EndGlobalSection
	GlobalSection(ExtensibilityGlobals) = postSolution
		SolutionGuid = {0200FDB9-80F8-4B3D-9860-8563783C0C9F}
	EndGlobalSection
EndGlobal
